
Microsoft Visual Studio Solution File, Format Version 12.00
# Visual Studio Version 16
VisualStudioVersion = 16.0.31729.503
MinimumVisualStudioVersion = 10.0.40219.1
Project("{FAE04EC0-301F-11D3-BF4B-00C04F79EFBC}") = "QuickTest", "QuickTest\QuickTest.csproj", "{D763E45B-A6FB-49DF-886F-137BCEC42347}"
EndProject
Global
	GlobalSection(SolutionConfigurationPlatforms) = preSolution
		Debug|Any CPU = Debug|Any CPU
		Release|Any CPU = Release|Any CPU
	EndGlobalSection
	GlobalSection(ProjectConfigurationPlatforms) = postSolution
		{D763E45B-A6FB-49DF-886F-137BCEC42347}.Debug|Any CPU.ActiveCfg = Debug|Any CPU
		{D763E45B-A6FB-49DF-886F-137BCEC42347}.Debug|Any CPU.Build.0 = Debug|Any CPU
		{D763E45B-A6FB-49DF-886F-137BCEC42347}.Release|Any CPU.ActiveCfg = Release|Any CPU
		{D763E45B-A6FB-49DF-886F-137BCEC42347}.Release|Any CPU.Build.0 = Release|Any CPU
	EndGlobalSection
	GlobalSection(SolutionProperties) = preSolution
		HideSolutionNode = FALSE
	EndGlobalSection
	GlobalSection(ExtensibilityGlobals) = postSolution
		SolutionGuid = {75A1F7B9-35BF-426F-B3F5-052CFD3C0430}
	EndGlobalSection
EndGlobal
